{
  "name": "readerai",
  "lockfileVersion": 2,
  "requires": true,
  "packages": {
    "": {
      "workspaces": [
        "api",
        "web"
      ],
      "dependencies": {
        "turbo": "^1.8.5"
      }
    },
    "api": {
      "name": "readerai-api",
      "version": "0.0.1"
    },
    "node_modules/readerai-api": {
      "resolved": "api",
      "link": true
    },
    "node_modules/turbo": {
      "version": "1.9.3",
      "resolved": "https://registry.npmjs.org/turbo/-/turbo-1.9.3.tgz",
      "integrity": "sha512-ID7mxmaLUPKG/hVkp+h0VuucB1U99RPCJD9cEuSEOdIPoSIuomcIClEJtKamUsdPLhLCud+BvapBNnhgh58Nzw==",
      "hasInstallScript": true,
      "bin": {
        "turbo": "bin/turbo"
      },
      "optionalDependencies": {
        "turbo-darwin-64": "1.9.3",
        "turbo-darwin-arm64": "1.9.3",
        "turbo-linux-64": "1.9.3",
        "turbo-linux-arm64": "1.9.3",
        "turbo-windows-64": "1.9.3",
        "turbo-windows-arm64": "1.9.3"
      }
    },
    "node_modules/turbo-darwin-64": {
      "version": "1.9.3",
      "resolved": "https://registry.npmjs.org/turbo-darwin-64/-/turbo-darwin-64-1.9.3.tgz",
      "integrity": "sha512-0dFc2cWXl82kRE4Z+QqPHhbEFEpUZho1msHXHWbz5+PqLxn8FY0lEVOHkq5tgKNNEd5KnGyj33gC/bHhpZOk5g==",
      "cpu": [
        "x64"
      ],
      "optional": true,
      "os": [
        "darwin"
      ]
    },
    "node_modules/turbo-darwin-arm64": {
      "version": "1.9.3",
      "resolved": "https://registry.npmjs.org/turbo-darwin-arm64/-/turbo-darwin-arm64-1.9.3.tgz",
      "integrity": "sha512-1cYbjqLBA2zYE1nbf/qVnEkrHa4PkJJbLo7hnuMuGM0bPzh4+AnTNe98gELhqI1mkTWBu/XAEeF5u6dgz0jLNA==",
      "cpu": [
        "arm64"
      ],
      "optional": true,
      "os": [
        "darwin"
      ]
    },
    "node_modules/turbo-linux-64": {
      "version": "1.9.3",
      "resolved": "https://registry.npmjs.org/turbo-linux-64/-/turbo-linux-64-1.9.3.tgz",
      "integrity": "sha512-UuBPFefawEwpuxh5pM9Jqq3q4C8M0vYxVYlB3qea/nHQ80pxYq7ZcaLGEpb10SGnr3oMUUs1zZvkXWDNKCJb8Q==",
      "cpu": [
        "x64"
      ],
      "optional": true,
      "os": [
        "linux"
      ]
    },
    "node_modules/turbo-linux-arm64": {
      "version": "1.9.3",
      "resolved": "https://registry.npmjs.org/turbo-linux-arm64/-/turbo-linux-arm64-1.9.3.tgz",
      "integrity": "sha512-vUrNGa3hyDtRh9W0MkO+l1dzP8Co2gKnOVmlJQW0hdpOlWlIh22nHNGGlICg+xFa2f9j4PbQlWTsc22c019s8Q==",
      "cpu": [
        "arm64"
      ],
      "optional": true,
      "os": [
        "linux"
      ]
    },
    "node_modules/turbo-windows-64": {
      "version": "1.9.3",
      "resolved": "https://registry.npmjs.org/turbo-windows-64/-/turbo-windows-64-1.9.3.tgz",
      "integrity": "sha512-0BZ7YaHs6r+K4ksqWus1GKK3W45DuDqlmfjm/yuUbTEVc8szmMCs12vugU2Zi5GdrdJSYfoKfEJ/PeegSLIQGQ==",
      "cpu": [
        "x64"
      ],
      "optional": true,
      "os": [
        "win32"
      ]
    },
    "node_modules/turbo-windows-arm64": {
      "version": "1.9.3",
      "resolved": "https://registry.npmjs.org/turbo-windows-arm64/-/turbo-windows-arm64-1.9.3.tgz",
      "integrity": "sha512-QJUYLSsxdXOsR1TquiOmLdAgtYcQ/RuSRpScGvnZb1hY0oLc7JWU0llkYB81wVtWs469y8H9O0cxbKwCZGR4RQ==",
      "cpu": [
        "arm64"
      ],
      "optional": true,
      "os": [
        "win32"
      ]
    },
    "web": {
      "name": "readeria-web",
      "version": "0.0.0",
      "extraneous": true,
      "dependencies": {
        "@apollo/client": "^3.7.10",
        "@types/node": "18.15.10",
        "@types/react": "18.0.29",
        "@types/react-dom": "18.0.11",
        "eslint": "8.36.0",
        "eslint-config-next": "13.2.4",
        "graphql": "^16.6.0",
        "next": "13.2.4",
        "react": "18.2.0",
        "react-dom": "18.2.0",
        "typescript": "5.0.2"
      },
      "devDependencies": {
        "autoprefixer": "^10.4.14",
        "postcss": "^8.4.23",
        "tailwindcss": "^3.3.1"
      }
    }
  },
  "dependencies": {
    "readerai-api": {
      "version": "file:api"
    },
    "turbo": {
      "version": "1.9.3",
      "resolved": "https://registry.npmjs.org/turbo/-/turbo-1.9.3.tgz",
      "integrity": "sha512-ID7mxmaLUPKG/hVkp+h0VuucB1U99RPCJD9cEuSEOdIPoSIuomcIClEJtKamUsdPLhLCud+BvapBNnhgh58Nzw==",
      "requires": {
        "turbo-darwin-64": "1.9.3",
        "turbo-darwin-arm64": "1.9.3",
        "turbo-linux-64": "1.9.3",
        "turbo-linux-arm64": "1.9.3",
        "turbo-windows-64": "1.9.3",
        "turbo-windows-arm64": "1.9.3"
      }
    },
    "turbo-darwin-64": {
      "version": "1.9.3",
      "resolved": "https://registry.npmjs.org/turbo-darwin-64/-/turbo-darwin-64-1.9.3.tgz",
      "integrity": "sha512-0dFc2cWXl82kRE4Z+QqPHhbEFEpUZho1msHXHWbz5+PqLxn8FY0lEVOHkq5tgKNNEd5KnGyj33gC/bHhpZOk5g==",
      "optional": true
    },
    "turbo-darwin-arm64": {
      "version": "1.9.3",
      "resolved": "https://registry.npmjs.org/turbo-darwin-arm64/-/turbo-darwin-arm64-1.9.3.tgz",
      "integrity": "sha512-1cYbjqLBA2zYE1nbf/qVnEkrHa4PkJJbLo7hnuMuGM0bPzh4+AnTNe98gELhqI1mkTWBu/XAEeF5u6dgz0jLNA==",
      "optional": true
    },
    "turbo-linux-64": {
      "version": "1.9.3",
      "resolved": "https://registry.npmjs.org/turbo-linux-64/-/turbo-linux-64-1.9.3.tgz",
      "integrity": "sha512-UuBPFefawEwpuxh5pM9Jqq3q4C8M0vYxVYlB3qea/nHQ80pxYq7ZcaLGEpb10SGnr3oMUUs1zZvkXWDNKCJb8Q==",
      "optional": true
    },
    "turbo-linux-arm64": {
      "version": "1.9.3",
      "resolved": "https://registry.npmjs.org/turbo-linux-arm64/-/turbo-linux-arm64-1.9.3.tgz",
      "integrity": "sha512-vUrNGa3hyDtRh9W0MkO+l1dzP8Co2gKnOVmlJQW0hdpOlWlIh22nHNGGlICg+xFa2f9j4PbQlWTsc22c019s8Q==",
      "optional": true
    },
    "turbo-windows-64": {
      "version": "1.9.3",
      "resolved": "https://registry.npmjs.org/turbo-windows-64/-/turbo-windows-64-1.9.3.tgz",
      "integrity": "sha512-0BZ7YaHs6r+K4ksqWus1GKK3W45DuDqlmfjm/yuUbTEVc8szmMCs12vugU2Zi5GdrdJSYfoKfEJ/PeegSLIQGQ==",
      "optional": true
    },
    "turbo-windows-arm64": {
      "version": "1.9.3",
      "resolved": "https://registry.npmjs.org/turbo-windows-arm64/-/turbo-windows-arm64-1.9.3.tgz",
      "integrity": "sha512-QJUYLSsxdXOsR1TquiOmLdAgtYcQ/RuSRpScGvnZb1hY0oLc7JWU0llkYB81wVtWs469y8H9O0cxbKwCZGR4RQ==",
      "optional": true
    }
  }
}
